
Microsoft Visual Studio Solution File, Format Version 12.00
# Visual Studio 15
VisualStudioVersion = 15.0.28307.168
MinimumVisualStudioVersion = 10.0.40219.1
Project("{FAE04EC0-301F-11D3-BF4B-00C04F79EFBC}") = "MonteCarlo", "MonteCarlo\MonteCarlo.csproj", "{564A60ED-8E50-47F7-B674-6A4397A24A6E}"
EndProject
Global
	GlobalSection(SolutionConfigurationPlatforms) = preSolution
		Debug|Any CPU = Debug|Any CPU
		Release|Any CPU = Release|Any CPU
	EndGlobalSection
	GlobalSection(ProjectConfigurationPlatforms) = postSolution
		{564A60ED-8E50-47F7-B674-6A4397A24A6E}.Debug|Any CPU.ActiveCfg = Debug|Any CPU
		{564A60ED-8E50-47F7-B674-6A4397A24A6E}.Debug|Any CPU.Build.0 = Debug|Any CPU
		{564A60ED-8E50-47F7-B674-6A4397A24A6E}.Release|Any CPU.ActiveCfg = Release|Any CPU
		{564A60ED-8E50-47F7-B674-6A4397A24A6E}.Release|Any CPU.Build.0 = Release|Any CPU
	EndGlobalSection
	GlobalSection(SolutionProperties) = preSolution
		HideSolutionNode = FALSE
	EndGlobalSection
	GlobalSection(ExtensibilityGlobals) = postSolution
		SolutionGuid = {750B203D-1D70-4AD9-A5CF-6825A3B605A2}
	EndGlobalSection
EndGlobal
